
Microsoft Visual Studio Solution File, Format Version 12.00
# Visual Studio 2013
VisualStudioVersion = 12.0.21005.1
MinimumVisualStudioVersion = 10.0.40219.1
Project("{FAE04EC0-301F-11D3-BF4B-00C04F79EFBC}") = "RoutePlannerConsoleApp", "RoutePlannerConsoleApp\RoutePlannerConsoleApp.csproj", "{4DAB9201-4930-4811-889D-C4104DC34BBC}"
EndProject
Project("{FAE04EC0-301F-11D3-BF4B-00C04F79EFBC}") = "RoutePlannerLib", "RoutePlannerLib\RoutePlannerLib.csproj", "{45661034-B824-4AA9-A9C3-5D639C9BA056}"
EndProject
Global
	GlobalSection(SolutionConfigurationPlatforms) = preSolution
		Debug|Any CPU = Debug|Any CPU
		Release|Any CPU = Release|Any CPU
	EndGlobalSection
	GlobalSection(ProjectConfigurationPlatforms) = postSolution
		{4DAB9201-4930-4811-889D-C4104DC34BBC}.Debug|Any CPU.ActiveCfg = Debug|Any CPU
		{4DAB9201-4930-4811-889D-C4104DC34BBC}.Debug|Any CPU.Build.0 = Debug|Any CPU
		{4DAB9201-4930-4811-889D-C4104DC34BBC}.Release|Any CPU.ActiveCfg = Release|Any CPU
		{4DAB9201-4930-4811-889D-C4104DC34BBC}.Release|Any CPU.Build.0 = Release|Any CPU
		{45661034-B824-4AA9-A9C3-5D639C9BA056}.Debug|Any CPU.ActiveCfg = Debug|Any CPU
		{45661034-B824-4AA9-A9C3-5D639C9BA056}.Debug|Any CPU.Build.0 = Debug|Any CPU
		{45661034-B824-4AA9-A9C3-5D639C9BA056}.Release|Any CPU.ActiveCfg = Release|Any CPU
		{45661034-B824-4AA9-A9C3-5D639C9BA056}.Release|Any CPU.Build.0 = Release|Any CPU
	EndGlobalSection
	GlobalSection(SolutionProperties) = preSolution
		HideSolutionNode = FALSE
	EndGlobalSection
EndGlobal
